
Microsoft Visual Studio Solution File, Format Version 12.00
# Visual Studio Version 16
VisualStudioVersion = 16.0.31112.23
MinimumVisualStudioVersion = 10.0.40219.1
Project("{9A19103F-16F7-4668-BE54-9A1E7A4F7556}") = "BUS", "BUS\BUS.csproj", "{A103B787-017A-48EA-BED9-40A63C7D36B7}"
	ProjectSection(ProjectDependencies) = postProject
		{588B2616-5F03-410D-8AC0-B16FBF654498} = {588B2616-5F03-410D-8AC0-B16FBF654498}
		{45795EF3-C458-4A9A-8996-9059C31F00E1} = {45795EF3-C458-4A9A-8996-9059C31F00E1}
	EndProjectSection
EndProject
Project("{9A19103F-16F7-4668-BE54-9A1E7A4F7556}") = "DTO", "DTO\DTO.csproj", "{45795EF3-C458-4A9A-8996-9059C31F00E1}"
EndProject
Project("{9A19103F-16F7-4668-BE54-9A1E7A4F7556}") = "DAL", "DAL\DAL.csproj", "{588B2616-5F03-410D-8AC0-B16FBF654498}"
EndProject
Project("{9A19103F-16F7-4668-BE54-9A1E7A4F7556}") = "GUI", "GUI\GUI.csproj", "{D2E8A10C-AE9B-4DC1-B69C-30DE420DFEEB}"
EndProject
Global
	GlobalSection(SolutionConfigurationPlatforms) = preSolution
		Debug|Any CPU = Debug|Any CPU
		Release|Any CPU = Release|Any CPU
	EndGlobalSection
	GlobalSection(ProjectConfigurationPlatforms) = postSolution
		{A103B787-017A-48EA-BED9-40A63C7D36B7}.Debug|Any CPU.ActiveCfg = Debug|Any CPU
		{A103B787-017A-48EA-BED9-40A63C7D36B7}.Debug|Any CPU.Build.0 = Debug|Any CPU
		{A103B787-017A-48EA-BED9-40A63C7D36B7}.Release|Any CPU.ActiveCfg = Release|Any CPU
		{A103B787-017A-48EA-BED9-40A63C7D36B7}.Release|Any CPU.Build.0 = Release|Any CPU
		{45795EF3-C458-4A9A-8996-9059C31F00E1}.Debug|Any CPU.ActiveCfg = Debug|Any CPU
		{45795EF3-C458-4A9A-8996-9059C31F00E1}.Debug|Any CPU.Build.0 = Debug|Any CPU
		{45795EF3-C458-4A9A-8996-9059C31F00E1}.Release|Any CPU.ActiveCfg = Release|Any CPU
		{45795EF3-C458-4A9A-8996-9059C31F00E1}.Release|Any CPU.Build.0 = Release|Any CPU
		{588B2616-5F03-410D-8AC0-B16FBF654498}.Debug|Any CPU.ActiveCfg = Debug|Any CPU
		{588B2616-5F03-410D-8AC0-B16FBF654498}.Debug|Any CPU.Build.0 = Debug|Any CPU
		{588B2616-5F03-410D-8AC0-B16FBF654498}.Release|Any CPU.ActiveCfg = Release|Any CPU
		{588B2616-5F03-410D-8AC0-B16FBF654498}.Release|Any CPU.Build.0 = Release|Any CPU
		{D2E8A10C-AE9B-4DC1-B69C-30DE420DFEEB}.Debug|Any CPU.ActiveCfg = Debug|Any CPU
		{D2E8A10C-AE9B-4DC1-B69C-30DE420DFEEB}.Debug|Any CPU.Build.0 = Debug|Any CPU
		{D2E8A10C-AE9B-4DC1-B69C-30DE420DFEEB}.Release|Any CPU.ActiveCfg = Release|Any CPU
		{D2E8A10C-AE9B-4DC1-B69C-30DE420DFEEB}.Release|Any CPU.Build.0 = Release|Any CPU
	EndGlobalSection
	GlobalSection(SolutionProperties) = preSolution
		HideSolutionNode = FALSE
	EndGlobalSection
	GlobalSection(ExtensibilityGlobals) = postSolution
		SolutionGuid = {2883D1B6-70A9-4DB9-BE63-0450CAF24FD2}
	EndGlobalSection
EndGlobal
